
Microsoft Visual Studio Solution File, Format Version 12.00
# Visual Studio Version 17
VisualStudioVersion = 17.8.34525.116
MinimumVisualStudioVersion = 10.0.40219.1
Project("{9A19103F-16F7-4668-BE54-9A1E7A4F7556}") = "ICS.App", "ICS\ICS.App.csproj", "{AE5087E3-7EF4-4EAE-B07D-44CB3D972559}"
EndProject
Project("{9A19103F-16F7-4668-BE54-9A1E7A4F7556}") = "ICS.DAL", "ICS.DAL\ICS.DAL.csproj", "{DBCD0BE1-A656-4E8B-91A8-3852F505ADFA}"
EndProject
Project("{9A19103F-16F7-4668-BE54-9A1E7A4F7556}") = "ICS.DAL.Tests", "ICS.DAL.Tests\ICS.DAL.Tests.csproj", "{6DE8F82B-417E-4030-B7F1-84E6EAB5EF02}"
EndProject
Project("{9A19103F-16F7-4668-BE54-9A1E7A4F7556}") = "ICS.BL", "ICS.BL\ICS.BL.csproj", "{C4F05940-B134-49B6-882F-01BD65152EE1}"
EndProject
Project("{9A19103F-16F7-4668-BE54-9A1E7A4F7556}") = "ICS.BL.Tests", "ICS.BL.Tests\ICS.BL.Tests.csproj", "{0FEE7786-2233-426A-B8B7-94B0CD92A957}"
EndProject
Project("{9A19103F-16F7-4668-BE54-9A1E7A4F7556}") = "ICS.Common.Tests", "ICS.Common.Tests2\ICS.Common.Tests.csproj", "{0D0761C9-C4FF-43FB-9836-CDA9A751700E}"
	ProjectSection(ProjectDependencies) = postProject
		{C4F05940-B134-49B6-882F-01BD65152EE1} = {C4F05940-B134-49B6-882F-01BD65152EE1}
	EndProjectSection
EndProject
Global
	GlobalSection(SolutionConfigurationPlatforms) = preSolution
		Debug|Any CPU = Debug|Any CPU
		Release|Any CPU = Release|Any CPU
	EndGlobalSection
	GlobalSection(ProjectConfigurationPlatforms) = postSolution
		{AE5087E3-7EF4-4EAE-B07D-44CB3D972559}.Debug|Any CPU.ActiveCfg = Debug|Any CPU
		{AE5087E3-7EF4-4EAE-B07D-44CB3D972559}.Debug|Any CPU.Build.0 = Debug|Any CPU
		{AE5087E3-7EF4-4EAE-B07D-44CB3D972559}.Debug|Any CPU.Deploy.0 = Debug|Any CPU
		{AE5087E3-7EF4-4EAE-B07D-44CB3D972559}.Release|Any CPU.ActiveCfg = Release|Any CPU
		{AE5087E3-7EF4-4EAE-B07D-44CB3D972559}.Release|Any CPU.Build.0 = Release|Any CPU
		{AE5087E3-7EF4-4EAE-B07D-44CB3D972559}.Release|Any CPU.Deploy.0 = Release|Any CPU
		{DBCD0BE1-A656-4E8B-91A8-3852F505ADFA}.Debug|Any CPU.ActiveCfg = Debug|Any CPU
		{DBCD0BE1-A656-4E8B-91A8-3852F505ADFA}.Debug|Any CPU.Build.0 = Debug|Any CPU
		{DBCD0BE1-A656-4E8B-91A8-3852F505ADFA}.Release|Any CPU.ActiveCfg = Release|Any CPU
		{DBCD0BE1-A656-4E8B-91A8-3852F505ADFA}.Release|Any CPU.Build.0 = Release|Any CPU
		{6DE8F82B-417E-4030-B7F1-84E6EAB5EF02}.Debug|Any CPU.ActiveCfg = Debug|Any CPU
		{6DE8F82B-417E-4030-B7F1-84E6EAB5EF02}.Debug|Any CPU.Build.0 = Debug|Any CPU
		{6DE8F82B-417E-4030-B7F1-84E6EAB5EF02}.Release|Any CPU.ActiveCfg = Release|Any CPU
		{6DE8F82B-417E-4030-B7F1-84E6EAB5EF02}.Release|Any CPU.Build.0 = Release|Any CPU
		{C4F05940-B134-49B6-882F-01BD65152EE1}.Debug|Any CPU.ActiveCfg = Debug|Any CPU
		{C4F05940-B134-49B6-882F-01BD65152EE1}.Debug|Any CPU.Build.0 = Debug|Any CPU
		{C4F05940-B134-49B6-882F-01BD65152EE1}.Release|Any CPU.ActiveCfg = Release|Any CPU
		{C4F05940-B134-49B6-882F-01BD65152EE1}.Release|Any CPU.Build.0 = Release|Any CPU
		{0FEE7786-2233-426A-B8B7-94B0CD92A957}.Debug|Any CPU.ActiveCfg = Debug|Any CPU
		{0FEE7786-2233-426A-B8B7-94B0CD92A957}.Debug|Any CPU.Build.0 = Debug|Any CPU
		{0FEE7786-2233-426A-B8B7-94B0CD92A957}.Release|Any CPU.ActiveCfg = Release|Any CPU
		{0FEE7786-2233-426A-B8B7-94B0CD92A957}.Release|Any CPU.Build.0 = Release|Any CPU
		{0D0761C9-C4FF-43FB-9836-CDA9A751700E}.Debug|Any CPU.ActiveCfg = Debug|Any CPU
		{0D0761C9-C4FF-43FB-9836-CDA9A751700E}.Debug|Any CPU.Build.0 = Debug|Any CPU
		{0D0761C9-C4FF-43FB-9836-CDA9A751700E}.Release|Any CPU.ActiveCfg = Release|Any CPU
		{0D0761C9-C4FF-43FB-9836-CDA9A751700E}.Release|Any CPU.Build.0 = Release|Any CPU
	EndGlobalSection
	GlobalSection(SolutionProperties) = preSolution
		HideSolutionNode = FALSE
	EndGlobalSection
	GlobalSection(ExtensibilityGlobals) = postSolution
		SolutionGuid = {D97AB384-979B-426A-BDEA-3ACA3FAB6113}
	EndGlobalSection
EndGlobal
